
Microsoft Visual Studio Solution File, Format Version 12.00
# Visual Studio Version 16
VisualStudioVersion = 16.0.33801.447
MinimumVisualStudioVersion = 10.0.40219.1
Project("{8BC9CEB8-8B4A-11D0-8D11-00A0C91BC942}") = "2023-10-3", "2023-10-3.vcxproj", "{EE2408E0-E6D3-4F5E-9FFE-CBC701E5F31B}"
EndProject
Global
	GlobalSection(SolutionConfigurationPlatforms) = preSolution
		Debug|x64 = Debug|x64
		Debug|x86 = Debug|x86
		Release|x64 = Release|x64
		Release|x86 = Release|x86
	EndGlobalSection
	GlobalSection(ProjectConfigurationPlatforms) = postSolution
		{EE2408E0-E6D3-4F5E-9FFE-CBC701E5F31B}.Debug|x64.ActiveCfg = Debug|x64
		{EE2408E0-E6D3-4F5E-9FFE-CBC701E5F31B}.Debug|x64.Build.0 = Debug|x64
		{EE2408E0-E6D3-4F5E-9FFE-CBC701E5F31B}.Debug|x86.ActiveCfg = Debug|Win32
		{EE2408E0-E6D3-4F5E-9FFE-CBC701E5F31B}.Debug|x86.Build.0 = Debug|Win32
		{EE2408E0-E6D3-4F5E-9FFE-CBC701E5F31B}.Release|x64.ActiveCfg = Release|x64
		{EE2408E0-E6D3-4F5E-9FFE-CBC701E5F31B}.Release|x64.Build.0 = Release|x64
		{EE2408E0-E6D3-4F5E-9FFE-CBC701E5F31B}.Release|x86.ActiveCfg = Release|Win32
		{EE2408E0-E6D3-4F5E-9FFE-CBC701E5F31B}.Release|x86.Build.0 = Release|Win32
	EndGlobalSection
	GlobalSection(SolutionProperties) = preSolution
		HideSolutionNode = FALSE
	EndGlobalSection
	GlobalSection(ExtensibilityGlobals) = postSolution
		SolutionGuid = {DCABE97C-0DCB-4AEB-87FB-B6F5133C74CA}
	EndGlobalSection
EndGlobal
